
Microsoft Visual Studio Solution File, Format Version 12.00
# Visual Studio Version 17
VisualStudioVersion = 17.3.32901.215
MinimumVisualStudioVersion = 10.0.40219.1
Project("{FAE04EC0-301F-11D3-BF4B-00C04F79EFBC}") = "HomeWork", "HomeWork.csproj", "{B36BD3BE-57D0-453D-BC00-13064B44090C}"
EndProject
Global
	GlobalSection(SolutionConfigurationPlatforms) = preSolution
		Debug|Any CPU = Debug|Any CPU
		Release|Any CPU = Release|Any CPU
	EndGlobalSection
	GlobalSection(ProjectConfigurationPlatforms) = postSolution
		{B36BD3BE-57D0-453D-BC00-13064B44090C}.Debug|Any CPU.ActiveCfg = Debug|Any CPU
		{B36BD3BE-57D0-453D-BC00-13064B44090C}.Debug|Any CPU.Build.0 = Debug|Any CPU
		{B36BD3BE-57D0-453D-BC00-13064B44090C}.Release|Any CPU.ActiveCfg = Release|Any CPU
		{B36BD3BE-57D0-453D-BC00-13064B44090C}.Release|Any CPU.Build.0 = Release|Any CPU
	EndGlobalSection
	GlobalSection(SolutionProperties) = preSolution
		HideSolutionNode = FALSE
	EndGlobalSection
	GlobalSection(ExtensibilityGlobals) = postSolution
		SolutionGuid = {A9582464-0092-4BD9-BC70-A87A4482563E}
	EndGlobalSection
EndGlobal
